<?xml version="1.0" encoding="utf-8"?>
<Project ToolsVersion="4.0" xmlns="http://schemas.microsoft.com/developer/msbuild/2003">
  <ItemGroup>
    <Filter Include="application">
      <UniqueIdentifier>{6f89047b-7b0b-4b2a-8c8e-8a2a8b2a8b2b}</UniqueIdentifier>
    </Filter>
    <Filter Include="application\actor">
      <UniqueIdentifier>{7f89047b-7b0b-4b2a-8c8e-8a2a8b2a8b2b}</UniqueIdentifier>
    </Filter>
    <Filter Include="application\scene">
      <UniqueIdentifier>{8f89047b-7b0b-4b2a-8c8e-8a2a8b2a8b2b}</UniqueIdentifier>
    </Filter>
    <Filter Include="externals">
      <UniqueIdentifier>{9f89047b-7b0b-4b2a-8c8e-8a2a8b2a8b2b}</UniqueIdentifier>
    </Filter>
    <Filter Include="externals\assimp">
      <UniqueIdentifier>{af89047b-7b0b-4b2a-8c8e-8a2a8b2a8b2b}</UniqueIdentifier>
    </Filter>
    <Filter Include="externals\cmft">
      <UniqueIdentifier>{bf89047b-7b0b-4b2a-8c8e-8a2a8b2a8b2b}</UniqueIdentifier>
    </Filter>
  </ItemGroup>
  <ItemGroup>
    <ClCompile Include="GameApp.cpp">
      <Filter>application</Filter>
    </ClCompile>
    <ClCompile Include="scene\DevScene.cpp">
      <Filter>application\scene</Filter>
    </ClCompile>
    <ClCompile Include="scene\GameScene.cpp">
      <Filter>application\scene</Filter>
    </ClCompile>
    <ClCompile Include="scene\SceneFactory.cpp">
      <Filter>application\scene</Filter>
    </ClCompile>
    <ClCompile Include="scene\TitleScene.cpp">
      <Filter>application\scene</Filter>
    </ClCompile>
    <ClCompile Include="..\main.cpp" />
    <ClCompile Include="camera\RailCameraController.cpp" />
    <ClCompile Include="actor\Bullet\Bullet.cpp" />
    <ClCompile Include="actor\Enemy\Enemy.cpp" />
    <ClCompile Include="actor\Player\Player.cpp" />
    <ClCompile Include="component\enemy\EnemyComponent.cpp" />
    <ClCompile Include="component\enemy\StraightMoveComponent.cpp" />
    <ClCompile Include="component\enemy\EnemyShootComponent.cpp" />
    <ClCompile Include="component\enemy\BossComponent.cpp" />
    <ClCompile Include="scene\ClearScene.cpp" />
    <ClCompile Include="scene\GameOverScene.cpp" />
  </ItemGroup>
  <ItemGroup>
    <ClInclude Include="GameApp.h">
      <Filter>application</Filter>
    </ClInclude>
    <ClInclude Include="scene\DevScene.h">
      <Filter>application\scene</Filter>
    </ClInclude>
    <ClInclude Include="scene\GameScene.h" />
    <ClInclude Include="scene\SceneFactory.h" />
    <ClInclude Include="scene\SceneIds.h" />
    <ClInclude Include="scene\TitleScene.h" />
    <ClInclude Include="camera\RailCameraController.h" />
    <ClInclude Include="actor\Bullet\Bullet.h" />
    <ClInclude Include="actor\Enemy\Enemy.h" />
    <ClInclude Include="actor\Player\Player.h" />
    <ClInclude Include="component\enemy\EnemyComponent.h" />
    <ClInclude Include="component\enemy\StraightMoveComponent.h" />
    <ClInclude Include="component\enemy\EnemyShootComponent.h" />
    <ClInclude Include="component\enemy\BossComponent.h" />
    <ClInclude Include="scene\ClearScene.h" />
    <ClInclude Include="scene\GameOverScene.h" />
  </ItemGroup>
</Project>