<?xml version="1.0" encoding="utf-8"?>
<Project ToolsVersion="4.0" xmlns="http://schemas.microsoft.com/developer/msbuild/2003">
  <ItemGroup>
    <FxCompile Include="resources\shaders\Particle.PS.hlsl" />
    <FxCompile Include="resources\shaders\Particle.VS.hlsl" />
    <FxCompile Include="resources\shaders\Skybox.PS.hlsl" />
    <FxCompile Include="resources\shaders\Skybox.VS.hlsl" />
    <FxCompile Include="resources\shaders\Primitive.VS.hlsl" />
    <FxCompile Include="resources\shaders\Primitive.PS.hlsl" />
  </ItemGroup>
  <ItemGroup>
    <ClCompile Include="DirectXGame\engine\scene\BaseScene.cpp" />
    <ClCompile Include="DirectXGame\engine\camera\Camera.cpp" />
    <ClCompile Include="DirectXGame\engine\graphics\3d\AssetLoader.cpp" />
    <ClCompile Include="DirectXGame\engine\audio\Audio.cpp" />
    <ClCompile Include="DirectXGame\engine\camera\DebugCamera.cpp" />
    <ClCompile Include="DirectXGame\engine\base\DirectXCommon.cpp" />
    <ClCompile Include="DirectXGame\engine\base\DirectXResourceUtils.cpp" />
    <ClCompile Include="DirectXGame\engine\math\Method.cpp" />
    <ClCompile Include="externals\imgui\imgui.cpp" />
    <ClCompile Include="externals\imgui\imgui_demo.cpp" />
    <ClCompile Include="externals\imgui\imgui_draw.cpp" />
    <ClCompile Include="externals\imgui\imgui_impl_dx12.cpp" />
    <ClCompile Include="externals\imgui\imgui_impl_win32.cpp" />
    <ClCompile Include="externals\imgui\imgui_tables.cpp" />
    <ClCompile Include="externals\imgui\imgui_widgets.cpp" />
    <ClCompile Include="DirectXGame\engine\base\input\Input.cpp" />
    <ClCompile Include="DirectXGame\application\GameApp.cpp" />
    <ClCompile Include="DirectXGame\engine\base\ImGuiManager.cpp" />
    <ClCompile Include="DirectXGame\engine\camera\GameCamera.cpp" />
    <ClCompile Include="DirectXGame\engine\base\FrameWork.cpp" />
    <ClCompile Include="DirectXGame\application\scene\GameScene.cpp" />
    <ClCompile Include="main.cpp" />
    <ClCompile Include="DirectXGame\engine\graphics\3d\model\ModelManager.cpp" />
    <ClCompile Include="DirectXGame\engine\graphics\shader\ShaderCompiler.cpp" />
    <ClCompile Include="DirectXGame\engine\graphics\2d\Sprite.cpp" />
    <ClCompile Include="DirectXGame\engine\graphics\texture\TextureUtils.cpp" />
    <ClCompile Include="DirectXGame\engine\graphics\pipeline\UnifiedPipeline.cpp" />
    <ClCompile Include="DirectXGame\engine\base\WinApp.cpp" />
    <ClCompile Include="DirectXGame\engine\graphics\3d\model\ModelUtils.cpp" />
    <ClCompile Include="DirectXGame\engine\graphics\3d\model\ModelInstance.cpp" />
    <ClCompile Include="DirectXGame\engine\graphics\3d\model\ModelResource.cpp" />
    <ClCompile Include="DirectXGame\engine\graphics\particle\ParticleEmitter.cpp" />
    <ClCompile Include="DirectXGame\engine\graphics\particle\ParticleManager.cpp" />
    <ClCompile Include="DirectXGame\engine\graphics\shader\ShaderCompilerUtils.cpp" />
    <ClCompile Include="DirectXGame\engine\graphics\descriptor\SrvHandle.cpp" />
    <ClCompile Include="DirectXGame\engine\graphics\texture\TextureManager.cpp" />
    <ClCompile Include="DirectXGame\engine\graphics\texture\TextureResource.cpp" />
    <ClCompile Include="DirectXGame\engine\scene\SceneManager.cpp" />
    <ClCompile Include="DirectXGame\application\scene\TitleScene.cpp" />
    <ClCompile Include="DirectXGame\application\scene\SceneFactory.cpp" />
    <ClCompile Include="DirectXGame\application\actor\Player.cpp" />
    <ClCompile Include="DirectXGame\engine\graphics\Renderer.cpp" />
    <ClCompile Include="DirectXGame\engine\graphics\Skybox.cpp" />
    <ClCompile Include="DirectXGame\engine\graphics\2d\SpriteResource.cpp" />
    <ClCompile Include="DirectXGame\engine\graphics\2d\SpriteManager.cpp" />
    <ClCompile Include="DirectXGame\engine\graphics\PrimitiveDrawer.cpp" />
  </ItemGroup>
  <ItemGroup>
    <ClInclude Include="DirectXGame\engine\scene\BaseScene.h" />
    <ClInclude Include="DirectXGame\engine\camera\Camera.h" />
    <ClInclude Include="DirectXGame\engine\camera\ICameraController.h" />
    <ClInclude Include="DirectXGame\engine\graphics\3d\AssetLoader.h" />
    <ClInclude Include="DirectXGame\engine\audio\Audio.h" />
    <ClInclude Include="DirectXGame\engine\camera\DebugCamera.h" />
    <ClInclude Include="DirectXGame\engine\base\DirectXCommon.h" />
    <ClInclude Include="DirectXGame\engine\base\DirectXResourceUtils.h" />
    <ClInclude Include="DirectXGame\engine\math\Method.h" />
    <ClInclude Include="DirectXGame\engine\Type\AABB.h" />
    <ClInclude Include="DirectXGame\engine\Type\Transform.h" />
    <ClInclude Include="externals\imgui\imconfig.h" />
    <ClInclude Include="externals\imgui\imgui.h" />
    <ClInclude Include="externals\imgui\imgui_impl_dx12.h" />
    <ClInclude Include="externals\imgui\imgui_impl_win32.h" />
    <ClInclude Include="externals\imgui\imgui_internal.h" />
    <ClInclude Include="externals\imgui\imstb_rectpack.h" />
    <ClInclude Include="externals\imgui\imstb_textedit.h" />
    <ClInclude Include="externals\imgui\imstb_truetype.h" />
    <ClInclude Include="DirectXGame\application\GameApp.h" />
    <ClInclude Include="DirectXGame\engine\base\ImGuiManager.h" />
    <ClInclude Include="DirectXGame\engine\camera\GameCamera.h" />
    <ClInclude Include="DirectXGame\engine\base\FrameWork.h" />
    <ClInclude Include="DirectXGame\application\scene\GameScene.h" />
    <ClInclude Include="include.h" />
    <ClInclude Include="DirectXGame\engine\base\input\Input.h" />
    <ClInclude Include="DirectXGame\engine\Type\Matrix.h" />
    <ClInclude Include="DirectXGame\engine\graphics\3d\model\ModelManager.h" />
    <ClInclude Include="DirectXGame\engine\graphics\resources\ResourceObject.h" />
    <ClInclude Include="DirectXGame\engine\graphics\shader\ShaderCompiler.h" />
    <ClInclude Include="DirectXGame\engine\graphics\2d\Sprite.h" />
    <ClInclude Include="DirectXGame\engine\graphics\texture\TextureUtils.h" />
    <ClInclude Include="DirectXGame\engine\graphics\pipeline\UnifiedPipeline.h" />
    <ClInclude Include="DirectXGame\engine\Type\Vector.h" />
    <ClInclude Include="DirectXGame\engine\base\WinApp.h" />
    <ClInclude Include="DirectXGame\engine\graphics\3d\model\ModelUtils.h" />
    <ClInclude Include="DirectXGame\engine\graphics\3d\model\ModelInstance.h" />
    <ClInclude Include="DirectXGame\engine\graphics\3d\model\ModelResource.h" />
    <ClInclude Include="DirectXGame\engine\graphics\particle\ParticleEmitter.h" />
    <ClInclude Include="DirectXGame\engine\graphics\particle\ParticleManager.h" />
    <ClInclude Include="DirectXGame\engine\graphics\shader\ShaderCompilerUtils.h" />
    <ClInclude Include="DirectXGame\engine\graphics\descriptor\SrvAllocator.h" />
    <ClInclude Include="DirectXGame\engine\graphics\descriptor\SrvHandle.h" />
    <ClInclude Include="DirectXGame\engine\graphics\texture\TextureManager.h" />
    <ClInclude Include="DirectXGame\engine\graphics\texture\TextureResource.h" />
    <ClInclude Include="DirectXGame\engine\scene\SceneManager.h" />
    <ClInclude Include="DirectXGame\application\scene\TitleScene.h" />
    <ClInclude Include="DirectXGame\engine\scene\ISceneFactory.h" />
    <ClInclude Include="DirectXGame\application\scene\SceneFactory.h" />
    <ClInclude Include="DirectXGame\application\scene\SceneIds.h" />
    <ClInclude Include="DirectXGame\engine\scene\SceneServices.h" />
    <ClInclude Include="DirectXGame\application\actor\Player.h" />
    <ClInclude Include="DirectXGame\engine\graphics\Renderer.h" />
    <ClInclude Include="DirectXGame\engine\graphics\Skybox.h" />
    <ClInclude Include="DirectXGame\engine\graphics\pipeline\BlendMode.h" />
    <ClInclude Include="DirectXGame\engine\graphics\2d\SpriteResource.h" />
    <ClInclude Include="DirectXGame\engine\graphics\2d\SpriteManager.h" />
    <ClInclude Include="DirectXGame\engine\graphics\PrimitiveDrawer.h" />
  </ItemGroup>
  <ItemGroup>
    <None Include="resources\shaders\Particle.hlsli" />
    <None Include="resources\shaders\Skybox.hlsli" />
    <None Include="resources\shaders\Primitive.hlsli" />
  </ItemGroup>
  <ItemGroup>
    <Text Include="externals\imgui\LICENSE.txt" />
  </ItemGroup>
</Project>