<?xml version="1.0" encoding="utf-8"?>
<Project ToolsVersion="4.0" xmlns="http://schemas.microsoft.com/developer/msbuild/2003">
  <ItemGroup>
    <Filter Include="ソース ファイル">
      <UniqueIdentifier>{4FC737F1-C7A5-4376-A066-2A32D752A2FF}</UniqueIdentifier>
      <Extensions>cpp;c;cc;cxx;c++;cppm;ixx;def;odl;idl;hpj;bat;asm;asmx</Extensions>
    </Filter>
    <Filter Include="ヘッダー ファイル">
      <UniqueIdentifier>{93995380-89BD-4b04-88EB-625FBE52EBFB}</UniqueIdentifier>
      <Extensions>h;hh;hpp;hxx;h++;hm;inl;inc;ipp;xsd</Extensions>
    </Filter>
    <Filter Include="リソース ファイル">
      <UniqueIdentifier>{67DA6AB6-F800-4c08-8B7A-83BB121AAD01}</UniqueIdentifier>
      <Extensions>rc;ico;cur;bmp;dlg;rc2;rct;bin;rgs;gif;jpg;jpeg;jpe;resx;tiff;tif;png;wav;mfcribbon-ms</Extensions>
    </Filter>
    <Filter Include="imgui">
      <UniqueIdentifier>{78c57027-6635-46ab-a0b9-a1c2c7e5cd11}</UniqueIdentifier>
    </Filter>
    <Filter Include="ソース ファイル\engine">
      <UniqueIdentifier>{8106b40c-7555-42b5-b289-535d9c223814}</UniqueIdentifier>
    </Filter>
    <Filter Include="ソース ファイル\application">
      <UniqueIdentifier>{7ef20631-2335-41d6-993f-1399036f2b5c}</UniqueIdentifier>
    </Filter>
    <Filter Include="ソース ファイル\engine\math">
      <UniqueIdentifier>{5ed1b81e-f91e-4520-aff5-30a76e4e6b73}</UniqueIdentifier>
    </Filter>
    <Filter Include="ソース ファイル\engine\audio">
      <UniqueIdentifier>{df73037c-d98b-45c1-9f52-eeb4e71867eb}</UniqueIdentifier>
    </Filter>
    <Filter Include="ソース ファイル\engine\input">
      <UniqueIdentifier>{ac0ca6b1-d3b9-4b48-b199-9f7e40e3888d}</UniqueIdentifier>
    </Filter>
    <Filter Include="ソース ファイル\engine\camera">
      <UniqueIdentifier>{9c522780-61e3-45af-8a17-ffce3e23e026}</UniqueIdentifier>
    </Filter>
    <Filter Include="ソース ファイル\engine\base">
      <UniqueIdentifier>{39c82675-a805-4998-8f72-3f20272f6d5a}</UniqueIdentifier>
    </Filter>
    <Filter Include="ソース ファイル\engine\window">
      <UniqueIdentifier>{1fab1ebd-0acc-4617-a3ad-32c5a4f33fbb}</UniqueIdentifier>
    </Filter>
    <Filter Include="ソース ファイル\engine\graphics">
      <UniqueIdentifier>{b9bc2f19-00c7-4e27-9e48-868117110147}</UniqueIdentifier>
    </Filter>
    <Filter Include="ソース ファイル\engine\graphics\2d">
      <UniqueIdentifier>{68826e7d-537c-479e-8531-ea03ea819114}</UniqueIdentifier>
    </Filter>
    <Filter Include="ソース ファイル\engine\graphics\3d">
      <UniqueIdentifier>{98885956-8646-451e-a608-c50748cc6b64}</UniqueIdentifier>
    </Filter>
    <Filter Include="ヘッダー ファイル\engine">
      <UniqueIdentifier>{97084aa3-73e4-4112-87df-f2a3abf20ef5}</UniqueIdentifier>
    </Filter>
    <Filter Include="ヘッダー ファイル\application">
      <UniqueIdentifier>{af27f7c8-a8c7-4d92-810c-66e6200071ec}</UniqueIdentifier>
    </Filter>
    <Filter Include="ヘッダー ファイル\engine\graphics">
      <UniqueIdentifier>{eed612fc-8159-441f-9f89-73f48a156680}</UniqueIdentifier>
    </Filter>
    <Filter Include="ヘッダー ファイル\engine\graphics\2d">
      <UniqueIdentifier>{0705b2e8-aadb-4fd6-825d-8981fd699159}</UniqueIdentifier>
    </Filter>
    <Filter Include="ヘッダー ファイル\engine\graphics\3d">
      <UniqueIdentifier>{3f93a71f-95fd-442e-86e1-831bd6d096da}</UniqueIdentifier>
    </Filter>
    <Filter Include="ヘッダー ファイル\engine\base">
      <UniqueIdentifier>{994034dd-9a6c-4ee8-8811-d477a3f37c27}</UniqueIdentifier>
    </Filter>
    <Filter Include="ヘッダー ファイル\engine\camera">
      <UniqueIdentifier>{ab5ddf5f-92d4-451b-b551-a155fbb6b829}</UniqueIdentifier>
    </Filter>
    <Filter Include="ヘッダー ファイル\engine\input">
      <UniqueIdentifier>{903dff25-0072-4cc5-8df9-c9bbecc36d24}</UniqueIdentifier>
    </Filter>
    <Filter Include="ヘッダー ファイル\engine\audio">
      <UniqueIdentifier>{9b035966-9783-475a-b5bd-ac29af02df9f}</UniqueIdentifier>
    </Filter>
    <Filter Include="ヘッダー ファイル\engine\math">
      <UniqueIdentifier>{ced9e6c3-7a79-4af9-8595-214d52516c69}</UniqueIdentifier>
    </Filter>
    <Filter Include="ヘッダー ファイル\engine\window">
      <UniqueIdentifier>{1fd534d5-a7bd-4f2e-b2b9-04eb0d37ff55}</UniqueIdentifier>
    </Filter>
  </ItemGroup>
  <ItemGroup>
    <ClCompile Include="main.cpp">
      <Filter>ソース ファイル</Filter>
    </ClCompile>
    <ClCompile Include="externals\imgui\imgui.cpp">
      <Filter>imgui</Filter>
    </ClCompile>
    <ClCompile Include="externals\imgui\imgui_demo.cpp">
      <Filter>imgui</Filter>
    </ClCompile>
    <ClCompile Include="externals\imgui\imgui_draw.cpp">
      <Filter>imgui</Filter>
    </ClCompile>
    <ClCompile Include="externals\imgui\imgui_impl_dx12.cpp">
      <Filter>imgui</Filter>
    </ClCompile>
    <ClCompile Include="externals\imgui\imgui_impl_win32.cpp">
      <Filter>imgui</Filter>
    </ClCompile>
    <ClCompile Include="externals\imgui\imgui_tables.cpp">
      <Filter>imgui</Filter>
    </ClCompile>
    <ClCompile Include="externals\imgui\imgui_widgets.cpp">
      <Filter>imgui</Filter>
    </ClCompile>
    <ClCompile Include="DirectXGame\engine\audio\Audio.cpp">
      <Filter>ソース ファイル\engine\audio</Filter>
    </ClCompile>
    <ClCompile Include="DirectXGame\engine\base\input\Input.cpp">
      <Filter>ソース ファイル\engine\input</Filter>
    </ClCompile>
    <ClCompile Include="DirectXGame\engine\graphics\3d\Model.cpp">
      <Filter>ソース ファイル\engine\graphics\3d</Filter>
    </ClCompile>
    <ClCompile Include="DirectXGame\engine\graphics\2d\Sprite.cpp">
      <Filter>ソース ファイル\engine\graphics\2d</Filter>
    </ClCompile>
    <ClCompile Include="DirectXGame\engine\math\Method.cpp">
      <Filter>ソース ファイル\engine\math</Filter>
    </ClCompile>
    <ClCompile Include="DirectXGame\engine\camera\DebugCamera.cpp">
      <Filter>ソース ファイル\engine\camera</Filter>
    </ClCompile>
    <ClCompile Include="DirectXGame\engine\base\DirectXCommon.cpp">
      <Filter>ソース ファイル\engine\base</Filter>
    </ClCompile>
    <ClCompile Include="DirectXGame\engine\base\WinApp.cpp">
      <Filter>ソース ファイル\engine\window</Filter>
    </ClCompile>
    <ClCompile Include="DirectXGame\engine\graphics\AssetLoader.cpp">
      <Filter>ソース ファイル\engine\graphics</Filter>
    </ClCompile>
    <ClCompile Include="DirectXGame\engine\base\TextureUtils.cpp">
      <Filter>ソース ファイル\engine\graphics</Filter>
    </ClCompile>
    <ClCompile Include="DirectXGame\engine\graphics\UnifiedPipeline.cpp">
      <Filter>ソース ファイル\engine\base</Filter>
    </ClCompile>
    <ClCompile Include="DirectXGame\engine\graphics\ModelManager.cpp">
      <Filter>ソース ファイル\engine\graphics</Filter>
    </ClCompile>
    <ClCompile Include="DirectXGame\engine\graphics\ShaderCompiler.cpp">
      <Filter>ソース ファイル\engine\base</Filter>
    </ClCompile>
    <ClCompile Include="DirectXGame\application\GameApp.cpp">
      <Filter>ソース ファイル</Filter>
    </ClCompile>
    <ClCompile Include="DirectXGame\engine\graphics\ModelUtils.cpp">
      <Filter>ソース ファイル</Filter>
    </ClCompile>
    <ClCompile Include="DirectXGame\engine\base\DirectXResourceUtils.cpp">
      <Filter>ソース ファイル</Filter>
    </ClCompile>
    <ClCompile Include="ShaderCompilerUtils.cpp">
      <Filter>ソース ファイル</Filter>
    </ClCompile>
    <ClCompile Include="DirectXGame\engine\base\ImGuiManager.cpp">
      <Filter>ソース ファイル</Filter>
    </ClCompile>
    <ClCompile Include="DirectXGame\engine\camera\GameCamera.cpp">
      <Filter>ソース ファイル</Filter>
    </ClCompile>
    <ClCompile Include="ModelResource.cpp">
      <Filter>ソース ファイル</Filter>
    </ClCompile>
    <ClCompile Include="ModelInstance.cpp">
      <Filter>ソース ファイル</Filter>
    </ClCompile>
    <ClCompile Include="SrvHandle.cpp">
      <Filter>ソース ファイル</Filter>
    </ClCompile>
    <ClCompile Include="TextureResource.cpp">
      <Filter>ソース ファイル</Filter>
    </ClCompile>
    <ClCompile Include="TextureManager.cpp">
      <Filter>ソース ファイル</Filter>
    </ClCompile>
    <ClCompile Include="DirectXGame\engine\camera\Camera.cpp">
      <Filter>ソース ファイル</Filter>
    </ClCompile>
  </ItemGroup>
  <ItemGroup>
    <ClInclude Include="externals\imgui\imconfig.h">
      <Filter>imgui</Filter>
    </ClInclude>
    <ClInclude Include="externals\imgui\imgui.h">
      <Filter>imgui</Filter>
    </ClInclude>
    <ClInclude Include="externals\imgui\imgui_impl_dx12.h">
      <Filter>imgui</Filter>
    </ClInclude>
    <ClInclude Include="externals\imgui\imgui_impl_win32.h">
      <Filter>imgui</Filter>
    </ClInclude>
    <ClInclude Include="externals\imgui\imgui_internal.h">
      <Filter>imgui</Filter>
    </ClInclude>
    <ClInclude Include="externals\imgui\imstb_rectpack.h">
      <Filter>imgui</Filter>
    </ClInclude>
    <ClInclude Include="externals\imgui\imstb_textedit.h">
      <Filter>imgui</Filter>
    </ClInclude>
    <ClInclude Include="externals\imgui\imstb_truetype.h">
      <Filter>imgui</Filter>
    </ClInclude>
    <ClInclude Include="include.h">
      <Filter>ヘッダー ファイル</Filter>
    </ClInclude>
    <ClInclude Include="DirectXGame\engine\audio\Audio.h">
      <Filter>ヘッダー ファイル\engine\audio</Filter>
    </ClInclude>
    <ClInclude Include="DirectXGame\engine\base\input\Input.h">
      <Filter>ヘッダー ファイル\engine\input</Filter>
    </ClInclude>
    <ClInclude Include="DirectXGame\engine\Type\Matrix.h">
      <Filter>ヘッダー ファイル\engine\math</Filter>
    </ClInclude>
    <ClInclude Include="DirectXGame\engine\math\Method.h">
      <Filter>ヘッダー ファイル\engine\math</Filter>
    </ClInclude>
    <ClInclude Include="DirectXGame\engine\graphics\2d\Sprite.h">
      <Filter>ヘッダー ファイル\engine\graphics\2d</Filter>
    </ClInclude>
    <ClInclude Include="DirectXGame\engine\graphics\3d\Model.h">
      <Filter>ヘッダー ファイル\engine\graphics\3d</Filter>
    </ClInclude>
    <ClInclude Include="DirectXGame\engine\camera\DebugCamera.h">
      <Filter>ヘッダー ファイル\engine\camera</Filter>
    </ClInclude>
    <ClInclude Include="DirectXGame\engine\base\DirectXCommon.h">
      <Filter>ヘッダー ファイル\engine\base</Filter>
    </ClInclude>
    <ClInclude Include="DirectXGame\engine\graphics\ShaderCompiler.h">
      <Filter>ヘッダー ファイル\engine\base</Filter>
    </ClInclude>
    <ClInclude Include="DirectXGame\engine\base\TextureUtils.h">
      <Filter>ヘッダー ファイル\engine\base</Filter>
    </ClInclude>
    <ClInclude Include="DirectXGame\engine\graphics\UnifiedPipeline.h">
      <Filter>ヘッダー ファイル\engine\base</Filter>
    </ClInclude>
    <ClInclude Include="DirectXGame\engine\graphics\AssetLoader.h">
      <Filter>ヘッダー ファイル\engine\graphics</Filter>
    </ClInclude>
    <ClInclude Include="DirectXGame\engine\graphics\ResourceObject.h">
      <Filter>ヘッダー ファイル\engine\graphics</Filter>
    </ClInclude>
    <ClInclude Include="DirectXGame\engine\base\WinApp.h">
      <Filter>ヘッダー ファイル\engine\window</Filter>
    </ClInclude>
    <ClInclude Include="DirectXGame\engine\Type\Vector.h">
      <Filter>ヘッダー ファイル\engine\math</Filter>
    </ClInclude>
    <ClInclude Include="DirectXGame\engine\graphics\ModelManager.h">
      <Filter>ヘッダー ファイル\engine\base</Filter>
    </ClInclude>
    <ClInclude Include="DirectXGame\application\GameApp.h">
      <Filter>ヘッダー ファイル</Filter>
    </ClInclude>
    <ClInclude Include="DirectXGame\engine\graphics\ModelUtils.h">
      <Filter>ヘッダー ファイル</Filter>
    </ClInclude>
    <ClInclude Include="DirectXGame\engine\base\DirectXResourceUtils.h">
      <Filter>ヘッダー ファイル</Filter>
    </ClInclude>
    <ClInclude Include="ShaderCompilerUtils.h">
      <Filter>ヘッダー ファイル</Filter>
    </ClInclude>
    <ClInclude Include="DirectXGame\engine\Type\AABB.h">
      <Filter>ヘッダー ファイル</Filter>
    </ClInclude>
    <ClInclude Include="DirectXGame\engine\Type\Transform.h">
      <Filter>ヘッダー ファイル</Filter>
    </ClInclude>
    <ClInclude Include="DirectXGame\engine\base\ImGuiManager.h">
      <Filter>ヘッダー ファイル</Filter>
    </ClInclude>
    <ClInclude Include="DirectXGame\engine\camera\ICameraController.h">
      <Filter>ヘッダー ファイル</Filter>
    </ClInclude>
    <ClInclude Include="DirectXGame\engine\camera\GameCamera.h">
      <Filter>ヘッダー ファイル</Filter>
    </ClInclude>
    <ClInclude Include="DirectXGame\engine\graphics\SrvAllocator.h">
      <Filter>ヘッダー ファイル</Filter>
    </ClInclude>
    <ClInclude Include="ModelResource.h">
      <Filter>ヘッダー ファイル</Filter>
    </ClInclude>
    <ClInclude Include="ModelInstance.h">
      <Filter>ヘッダー ファイル</Filter>
    </ClInclude>
    <ClInclude Include="SrvHandle.h">
      <Filter>ヘッダー ファイル</Filter>
    </ClInclude>
    <ClInclude Include="TextureResource.h">
      <Filter>ヘッダー ファイル</Filter>
    </ClInclude>
    <ClInclude Include="TextureManager.h">
      <Filter>ヘッダー ファイル</Filter>
    </ClInclude>
    <ClInclude Include="DirectXGame\engine\camera\Camera.h">
      <Filter>ヘッダー ファイル</Filter>
    </ClInclude>
  </ItemGroup>
  <ItemGroup>
    <Text Include="externals\imgui\LICENSE.txt">
      <Filter>imgui</Filter>
    </Text>
  </ItemGroup>
  <ItemGroup>
    <None Include="resources\shaders\Particle.hlsli" />
  </ItemGroup>
  <ItemGroup>
    <FxCompile Include="resources\shaders\Particle.PS.hlsl" />
    <FxCompile Include="resources\shaders\Particle.VS.hlsl" />
  </ItemGroup>
</Project>